
Microsoft Visual Studio Solution File, Format Version 12.00
# Visual Studio Version 17
VisualStudioVersion = 17.9.34714.143
MinimumVisualStudioVersion = 10.0.40219.1
Project("{FAE04EC0-301F-11D3-BF4B-00C04F79EFBC}") = "CSProjeDemo2", "CSProjeDemo2\CSProjeDemo2.csproj", "{3DEE7D27-E508-4824-98A1-D4AFE4AEE939}"
EndProject
Global
	GlobalSection(SolutionConfigurationPlatforms) = preSolution
		Debug|Any CPU = Debug|Any CPU
		Release|Any CPU = Release|Any CPU
	EndGlobalSection
	GlobalSection(ProjectConfigurationPlatforms) = postSolution
		{3DEE7D27-E508-4824-98A1-D4AFE4AEE939}.Debug|Any CPU.ActiveCfg = Debug|Any CPU
		{3DEE7D27-E508-4824-98A1-D4AFE4AEE939}.Debug|Any CPU.Build.0 = Debug|Any CPU
		{3DEE7D27-E508-4824-98A1-D4AFE4AEE939}.Release|Any CPU.ActiveCfg = Release|Any CPU
		{3DEE7D27-E508-4824-98A1-D4AFE4AEE939}.Release|Any CPU.Build.0 = Release|Any CPU
	EndGlobalSection
	GlobalSection(SolutionProperties) = preSolution
		HideSolutionNode = FALSE
	EndGlobalSection
	GlobalSection(ExtensibilityGlobals) = postSolution
		SolutionGuid = {4FEADE9E-D203-42EC-8B58-C2C4847AA643}
	EndGlobalSection
EndGlobal
